
Microsoft Visual Studio Solution File, Format Version 12.00
# Visual Studio 15
VisualStudioVersion = 15.0.26124.0
MinimumVisualStudioVersion = 15.0.26124.0
Project("{2150E333-8FDC-42A3-9474-1A3956D46DE8}") = "src", "src", "{B7DCD82B-26FF-41B4-9AC9-82397D66FCC0}"
EndProject
Project("{FAE04EC0-301F-11D3-BF4B-00C04F79EFBC}") = "Ditto", "src\Ditto\Ditto.csproj", "{D0DAEDE8-64BC-48BB-9EAE-1D56F3765338}"
EndProject
Project("{FAE04EC0-301F-11D3-BF4B-00C04F79EFBC}") = "Ditto.Core", "src\Ditto.Core\Ditto.Core.csproj", "{A2C9FB2A-879E-498D-ACF2-1C9EB7A22CB2}"
EndProject
Project("{FAE04EC0-301F-11D3-BF4B-00C04F79EFBC}") = "Ditto.Kinesis", "src\Ditto.Kinesis\Ditto.Kinesis.csproj", "{EEC97DD8-0D12-4FC6-98E9-DF170D0E238D}"
EndProject
Global
	GlobalSection(SolutionConfigurationPlatforms) = preSolution
		Debug|Any CPU = Debug|Any CPU
		Debug|x64 = Debug|x64
		Debug|x86 = Debug|x86
		Release|Any CPU = Release|Any CPU
		Release|x64 = Release|x64
		Release|x86 = Release|x86
	EndGlobalSection
	GlobalSection(SolutionProperties) = preSolution
		HideSolutionNode = FALSE
	EndGlobalSection
	GlobalSection(ProjectConfigurationPlatforms) = postSolution
		{D0DAEDE8-64BC-48BB-9EAE-1D56F3765338}.Debug|Any CPU.ActiveCfg = Debug|Any CPU
		{D0DAEDE8-64BC-48BB-9EAE-1D56F3765338}.Debug|Any CPU.Build.0 = Debug|Any CPU
		{D0DAEDE8-64BC-48BB-9EAE-1D56F3765338}.Debug|x64.ActiveCfg = Debug|x64
		{D0DAEDE8-64BC-48BB-9EAE-1D56F3765338}.Debug|x64.Build.0 = Debug|x64
		{D0DAEDE8-64BC-48BB-9EAE-1D56F3765338}.Debug|x86.ActiveCfg = Debug|x86
		{D0DAEDE8-64BC-48BB-9EAE-1D56F3765338}.Debug|x86.Build.0 = Debug|x86
		{D0DAEDE8-64BC-48BB-9EAE-1D56F3765338}.Release|Any CPU.ActiveCfg = Release|Any CPU
		{D0DAEDE8-64BC-48BB-9EAE-1D56F3765338}.Release|Any CPU.Build.0 = Release|Any CPU
		{D0DAEDE8-64BC-48BB-9EAE-1D56F3765338}.Release|x64.ActiveCfg = Release|x64
		{D0DAEDE8-64BC-48BB-9EAE-1D56F3765338}.Release|x64.Build.0 = Release|x64
		{D0DAEDE8-64BC-48BB-9EAE-1D56F3765338}.Release|x86.ActiveCfg = Release|x86
		{D0DAEDE8-64BC-48BB-9EAE-1D56F3765338}.Release|x86.Build.0 = Release|x86
		{A2C9FB2A-879E-498D-ACF2-1C9EB7A22CB2}.Debug|Any CPU.ActiveCfg = Debug|Any CPU
		{A2C9FB2A-879E-498D-ACF2-1C9EB7A22CB2}.Debug|Any CPU.Build.0 = Debug|Any CPU
		{A2C9FB2A-879E-498D-ACF2-1C9EB7A22CB2}.Debug|x64.ActiveCfg = Debug|Any CPU
		{A2C9FB2A-879E-498D-ACF2-1C9EB7A22CB2}.Debug|x64.Build.0 = Debug|Any CPU
		{A2C9FB2A-879E-498D-ACF2-1C9EB7A22CB2}.Debug|x86.ActiveCfg = Debug|Any CPU
		{A2C9FB2A-879E-498D-ACF2-1C9EB7A22CB2}.Debug|x86.Build.0 = Debug|Any CPU
		{A2C9FB2A-879E-498D-ACF2-1C9EB7A22CB2}.Release|Any CPU.ActiveCfg = Release|Any CPU
		{A2C9FB2A-879E-498D-ACF2-1C9EB7A22CB2}.Release|Any CPU.Build.0 = Release|Any CPU
		{A2C9FB2A-879E-498D-ACF2-1C9EB7A22CB2}.Release|x64.ActiveCfg = Release|Any CPU
		{A2C9FB2A-879E-498D-ACF2-1C9EB7A22CB2}.Release|x64.Build.0 = Release|Any CPU
		{A2C9FB2A-879E-498D-ACF2-1C9EB7A22CB2}.Release|x86.ActiveCfg = Release|Any CPU
		{A2C9FB2A-879E-498D-ACF2-1C9EB7A22CB2}.Release|x86.Build.0 = Release|Any CPU
		{EEC97DD8-0D12-4FC6-98E9-DF170D0E238D}.Debug|Any CPU.ActiveCfg = Debug|Any CPU
		{EEC97DD8-0D12-4FC6-98E9-DF170D0E238D}.Debug|Any CPU.Build.0 = Debug|Any CPU
		{EEC97DD8-0D12-4FC6-98E9-DF170D0E238D}.Debug|x64.ActiveCfg = Debug|Any CPU
		{EEC97DD8-0D12-4FC6-98E9-DF170D0E238D}.Debug|x64.Build.0 = Debug|Any CPU
		{EEC97DD8-0D12-4FC6-98E9-DF170D0E238D}.Debug|x86.ActiveCfg = Debug|Any CPU
		{EEC97DD8-0D12-4FC6-98E9-DF170D0E238D}.Debug|x86.Build.0 = Debug|Any CPU
		{EEC97DD8-0D12-4FC6-98E9-DF170D0E238D}.Release|Any CPU.ActiveCfg = Release|Any CPU
		{EEC97DD8-0D12-4FC6-98E9-DF170D0E238D}.Release|Any CPU.Build.0 = Release|Any CPU
		{EEC97DD8-0D12-4FC6-98E9-DF170D0E238D}.Release|x64.ActiveCfg = Release|Any CPU
		{EEC97DD8-0D12-4FC6-98E9-DF170D0E238D}.Release|x64.Build.0 = Release|Any CPU
		{EEC97DD8-0D12-4FC6-98E9-DF170D0E238D}.Release|x86.ActiveCfg = Release|Any CPU
		{EEC97DD8-0D12-4FC6-98E9-DF170D0E238D}.Release|x86.Build.0 = Release|Any CPU
	EndGlobalSection
	GlobalSection(NestedProjects) = preSolution
		{D0DAEDE8-64BC-48BB-9EAE-1D56F3765338} = {B7DCD82B-26FF-41B4-9AC9-82397D66FCC0}
		{A2C9FB2A-879E-498D-ACF2-1C9EB7A22CB2} = {B7DCD82B-26FF-41B4-9AC9-82397D66FCC0}
		{EEC97DD8-0D12-4FC6-98E9-DF170D0E238D} = {B7DCD82B-26FF-41B4-9AC9-82397D66FCC0}
	EndGlobalSection
EndGlobal
